{
    "_meta": {
        "hash": {
            "sha256": "8834c38a62aa3ff498369b4a2990078e2962de3e22108b523e8905bdad85e5e9"
        },
        "host-environment-markers": {
            "implementation_name": "cpython",
            "implementation_version": "3.5.2",
            "os_name": "posix",
            "platform_machine": "x86_64",
            "platform_python_implementation": "CPython",
            "platform_release": "4.13.0-36-generic",
            "platform_system": "Linux",
            "platform_version": "#40~16.04.1-Ubuntu SMP Fri Feb 16 23:25:58 UTC 2018",
            "python_full_version": "3.5.2",
            "python_version": "3.5",
            "sys_platform": "linux"
        },
        "pipfile-spec": 6,
        "requires": {},
        "sources": [
            {
                "name": "pypi",
                "url": "https://pypi.python.org/simple",
                "verify_ssl": true
            }
        ]
    },
    "default": {
        "django": {
            "hashes": [
                "sha256:3d9916515599f757043c690ae2b5ea28666afa09779636351da505396cbb2f19",
                "sha256:769f212ffd5762f72c764fa648fca3b7f7dd4ec27407198b68e7c4abf4609fd0"
            ],
            "version": "==2.0.3"
        },
        "django-filter": {
            "hashes": [
                "sha256:ea204242ea83790e1512c9d0d8255002a652a6f4986e93cee664f28955ba0c22",
                "sha256:ec0ef1ba23ef95b1620f5d481334413700fb33f45cd76d56a63f4b0b1d76976a"
            ],
            "version": "==1.1.0"
        },
        "djangorestframework": {
            "hashes": [
                "sha256:1f6baf40ed456ed2af6bd1a4ff8bbc3503cebea16509993aea2b7085bc097766",
                "sha256:9f9e94e8d22b100ed3a43cee8c47a7ff7b185e778a1f2da9ec5c73fc4e081b87"
            ],
            "version": "==3.7.7"
        },
        "docopt": {
            "hashes": [
                "sha256:49b3a825280bd66b3aa83585ef59c4a8c82f2c8a522dbe754a8bc8d08c85c491"
            ],
            "version": "==0.6.2"
        },
        "markdown": {
            "hashes": [
                "sha256:9ba587db9daee7ec761cfc656272be6aabe2ed300fece21208e4aab2e457bc8f",
                "sha256:a856869c7ff079ad84a3e19cd87a64998350c2b94e9e08e44270faef33400f81"
            ],
            "version": "==2.6.11"
        },
        "pytz": {
            "hashes": [
                "sha256:ed6509d9af298b7995d69a440e2822288f2eca1681b8cce37673dbb10091e5fe",
                "sha256:f93ddcdd6342f94cea379c73cddb5724e0d6d0a1c91c9bdef364dc0368ba4fda",
                "sha256:61242a9abc626379574a166dc0e96a66cd7c3b27fc10868003fa210be4bff1c9",
                "sha256:ba18e6a243b3625513d85239b3e49055a2f0318466e0b8a92b8fb8ca7ccdf55f",
                "sha256:07edfc3d4d2705a20a6e99d97f0c4b61c800b8232dc1c04d87e8554f130148dd",
                "sha256:3a47ff71597f821cd84a162e71593004286e5be07a340fd462f0d33a760782b5",
                "sha256:5bd55c744e6feaa4d599a6cbd8228b4f8f9ba96de2c38d56f08e534b3c9edf0d",
                "sha256:887ab5e5b32e4d0c86efddd3d055c1f363cbaa583beb8da5e22d2fa2f64d51ef",
                "sha256:410bcd1d6409026fbaa65d9ed33bf6dd8b1e94a499e32168acfc7b332e4095c0"
            ],
            "version": "==2018.3"
        }
    },
    "develop": {
        "pudb": {
            "hashes": [
                "sha256:aac8cb5008402e0189055f0288d9379c855c8506ab70f4c47cc7459925fa348a"
            ],
            "version": "==2017.1.4"
        },
        "pygments": {
            "hashes": [
                "sha256:78f3f434bcc5d6ee09020f92ba487f95ba50f1e3ef83ae96b9d5ffa1bab25c5d",
                "sha256:dbae1046def0efb574852fab9e90209b23f556367b5a320c0bcb871c77c3e8cc"
            ],
            "version": "==2.2.0"
        },
        "urwid": {
            "hashes": [
                "sha256:644d3e3900867161a2fc9287a9762753d66bd194754679adb26aede559bcccbc"
            ],
            "version": "==2.0.1"
        }
    }
}
